
Microsoft Visual Studio Solution File, Format Version 12.00
# Visual Studio 16
#
# This file was generated by MPC.  Any changes made directly to
# this file will be lost the next time it is generated.
#
# MPC Command:
# C:\Users\Corey\Desktop\OpenDDS-3.16\ACE_wrappers\bin\mwc.pl -type vs2019 Flamingo.mwc
Project("{8BC9CEB8-8B4A-11D0-8D11-00A0C91BC942}") = "Flamingo_Idl", "Flamingo_Idl.vcxproj", "{E8AAE39E-FECA-1BAD-F819-80180000002E}"
EndProject
Project("{8BC9CEB8-8B4A-11D0-8D11-00A0C91BC942}") = "Flamingo_Publisher", "Flamingo_Publisher.vcxproj", "{5FE21646-FECA-1BAD-F819-80180000002E}"
	ProjectSection(ProjectDependencies) = postProject
		{E8AAE39E-FECA-1BAD-F819-80180000002E} = {E8AAE39E-FECA-1BAD-F819-80180000002E}
	EndProjectSection
EndProject
Project("{8BC9CEB8-8B4A-11D0-8D11-00A0C91BC942}") = "Flamingo_Subscriber", "Flamingo_Subscriber.vcxproj", "{FA71480F-FECA-1BAD-F819-80180000002E}"
	ProjectSection(ProjectDependencies) = postProject
		{5FE21646-FECA-1BAD-F819-80180000002E} = {5FE21646-FECA-1BAD-F819-80180000002E}
	EndProjectSection
EndProject
Global
	GlobalSection(SolutionConfigurationPlatforms) = preSolution
		Debug|ARM = Debug|ARM
		Debug|ARM64 = Debug|ARM64
		Debug|Win32 = Debug|Win32
		Debug|x64 = Debug|x64
		Release|ARM = Release|ARM
		Release|ARM64 = Release|ARM64
		Release|Win32 = Release|Win32
		Release|x64 = Release|x64
	EndGlobalSection
	GlobalSection(ProjectConfigurationPlatforms) = postSolution
		{E8AAE39E-FECA-1BAD-F819-80180000002E}.Debug|ARM.ActiveCfg = Debug|ARM
		{E8AAE39E-FECA-1BAD-F819-80180000002E}.Debug|ARM.Build.0 = Debug|ARM
		{E8AAE39E-FECA-1BAD-F819-80180000002E}.Debug|ARM64.ActiveCfg = Debug|ARM64
		{E8AAE39E-FECA-1BAD-F819-80180000002E}.Debug|ARM64.Build.0 = Debug|ARM64
		{E8AAE39E-FECA-1BAD-F819-80180000002E}.Debug|Win32.ActiveCfg = Debug|Win32
		{E8AAE39E-FECA-1BAD-F819-80180000002E}.Debug|Win32.Build.0 = Debug|Win32
		{E8AAE39E-FECA-1BAD-F819-80180000002E}.Debug|x64.ActiveCfg = Debug|x64
		{E8AAE39E-FECA-1BAD-F819-80180000002E}.Debug|x64.Build.0 = Debug|x64
		{E8AAE39E-FECA-1BAD-F819-80180000002E}.Release|ARM.ActiveCfg = Release|ARM
		{E8AAE39E-FECA-1BAD-F819-80180000002E}.Release|ARM.Build.0 = Release|ARM
		{E8AAE39E-FECA-1BAD-F819-80180000002E}.Release|ARM64.ActiveCfg = Release|ARM64
		{E8AAE39E-FECA-1BAD-F819-80180000002E}.Release|ARM64.Build.0 = Release|ARM64
		{E8AAE39E-FECA-1BAD-F819-80180000002E}.Release|Win32.ActiveCfg = Release|Win32
		{E8AAE39E-FECA-1BAD-F819-80180000002E}.Release|Win32.Build.0 = Release|Win32
		{E8AAE39E-FECA-1BAD-F819-80180000002E}.Release|x64.ActiveCfg = Release|x64
		{E8AAE39E-FECA-1BAD-F819-80180000002E}.Release|x64.Build.0 = Release|x64
		{5FE21646-FECA-1BAD-F819-80180000002E}.Debug|ARM.ActiveCfg = Debug|ARM
		{5FE21646-FECA-1BAD-F819-80180000002E}.Debug|ARM.Build.0 = Debug|ARM
		{5FE21646-FECA-1BAD-F819-80180000002E}.Debug|ARM.Deploy.0 = Debug|ARM
		{5FE21646-FECA-1BAD-F819-80180000002E}.Debug|ARM64.ActiveCfg = Debug|ARM64
		{5FE21646-FECA-1BAD-F819-80180000002E}.Debug|ARM64.Build.0 = Debug|ARM64
		{5FE21646-FECA-1BAD-F819-80180000002E}.Debug|ARM64.Deploy.0 = Debug|ARM64
		{5FE21646-FECA-1BAD-F819-80180000002E}.Debug|Win32.ActiveCfg = Debug|Win32
		{5FE21646-FECA-1BAD-F819-80180000002E}.Debug|Win32.Build.0 = Debug|Win32
		{5FE21646-FECA-1BAD-F819-80180000002E}.Debug|x64.ActiveCfg = Debug|x64
		{5FE21646-FECA-1BAD-F819-80180000002E}.Debug|x64.Build.0 = Debug|x64
		{5FE21646-FECA-1BAD-F819-80180000002E}.Release|ARM.ActiveCfg = Release|ARM
		{5FE21646-FECA-1BAD-F819-80180000002E}.Release|ARM.Build.0 = Release|ARM
		{5FE21646-FECA-1BAD-F819-80180000002E}.Release|ARM.Deploy.0 = Release|ARM
		{5FE21646-FECA-1BAD-F819-80180000002E}.Release|ARM64.ActiveCfg = Release|ARM64
		{5FE21646-FECA-1BAD-F819-80180000002E}.Release|ARM64.Build.0 = Release|ARM64
		{5FE21646-FECA-1BAD-F819-80180000002E}.Release|ARM64.Deploy.0 = Release|ARM64
		{5FE21646-FECA-1BAD-F819-80180000002E}.Release|Win32.ActiveCfg = Release|Win32
		{5FE21646-FECA-1BAD-F819-80180000002E}.Release|Win32.Build.0 = Release|Win32
		{5FE21646-FECA-1BAD-F819-80180000002E}.Release|x64.ActiveCfg = Release|x64
		{5FE21646-FECA-1BAD-F819-80180000002E}.Release|x64.Build.0 = Release|x64
		{FA71480F-FECA-1BAD-F819-80180000002E}.Debug|ARM.ActiveCfg = Debug|ARM
		{FA71480F-FECA-1BAD-F819-80180000002E}.Debug|ARM.Build.0 = Debug|ARM
		{FA71480F-FECA-1BAD-F819-80180000002E}.Debug|ARM.Deploy.0 = Debug|ARM
		{FA71480F-FECA-1BAD-F819-80180000002E}.Debug|ARM64.ActiveCfg = Debug|ARM64
		{FA71480F-FECA-1BAD-F819-80180000002E}.Debug|ARM64.Build.0 = Debug|ARM64
		{FA71480F-FECA-1BAD-F819-80180000002E}.Debug|ARM64.Deploy.0 = Debug|ARM64
		{FA71480F-FECA-1BAD-F819-80180000002E}.Debug|Win32.ActiveCfg = Debug|Win32
		{FA71480F-FECA-1BAD-F819-80180000002E}.Debug|Win32.Build.0 = Debug|Win32
		{FA71480F-FECA-1BAD-F819-80180000002E}.Debug|x64.ActiveCfg = Debug|x64
		{FA71480F-FECA-1BAD-F819-80180000002E}.Debug|x64.Build.0 = Debug|x64
		{FA71480F-FECA-1BAD-F819-80180000002E}.Release|ARM.ActiveCfg = Release|ARM
		{FA71480F-FECA-1BAD-F819-80180000002E}.Release|ARM.Build.0 = Release|ARM
		{FA71480F-FECA-1BAD-F819-80180000002E}.Release|ARM.Deploy.0 = Release|ARM
		{FA71480F-FECA-1BAD-F819-80180000002E}.Release|ARM64.ActiveCfg = Release|ARM64
		{FA71480F-FECA-1BAD-F819-80180000002E}.Release|ARM64.Build.0 = Release|ARM64
		{FA71480F-FECA-1BAD-F819-80180000002E}.Release|ARM64.Deploy.0 = Release|ARM64
		{FA71480F-FECA-1BAD-F819-80180000002E}.Release|Win32.ActiveCfg = Release|Win32
		{FA71480F-FECA-1BAD-F819-80180000002E}.Release|Win32.Build.0 = Release|Win32
		{FA71480F-FECA-1BAD-F819-80180000002E}.Release|x64.ActiveCfg = Release|x64
		{FA71480F-FECA-1BAD-F819-80180000002E}.Release|x64.Build.0 = Release|x64
	EndGlobalSection
	GlobalSection(SolutionProperties) = preSolution
		HideSolutionNode = FALSE
	EndGlobalSection
EndGlobal
